
Microsoft Visual Studio Solution File, Format Version 11.00
# Visual Studio 2010
Project("{FAE04EC0-301F-11D3-BF4B-00C04F79EFBC}") = "ViewSliderSamples.iOS", "ViewSliderSamples.iOS.csproj", "{1B0A8AF2-02C7-433D-9E09-F41C417466B5}"
EndProject
Project("{FAE04EC0-301F-11D3-BF4B-00C04F79EFBC}") = "ViewSliderSamples.Core", "..\ViewSliderSamples.Core\ViewSliderSamples.Core.csproj", "{9B9614E3-15AE-48D6-B7B6-9CD91FD935FC}"
EndProject
Global
	GlobalSection(SolutionConfigurationPlatforms) = preSolution
		Debug|iPhoneSimulator = Debug|iPhoneSimulator
		Release|iPhoneSimulator = Release|iPhoneSimulator
		Debug|iPhone = Debug|iPhone
		Release|iPhone = Release|iPhone
		Ad-Hoc|iPhone = Ad-Hoc|iPhone
		AppStore|iPhone = AppStore|iPhone
	EndGlobalSection
	GlobalSection(ProjectConfigurationPlatforms) = postSolution
		{1B0A8AF2-02C7-433D-9E09-F41C417466B5}.Ad-Hoc|iPhone.ActiveCfg = Ad-Hoc|iPhone
		{1B0A8AF2-02C7-433D-9E09-F41C417466B5}.Ad-Hoc|iPhone.Build.0 = Ad-Hoc|iPhone
		{1B0A8AF2-02C7-433D-9E09-F41C417466B5}.AppStore|iPhone.ActiveCfg = AppStore|iPhone
		{1B0A8AF2-02C7-433D-9E09-F41C417466B5}.AppStore|iPhone.Build.0 = AppStore|iPhone
		{1B0A8AF2-02C7-433D-9E09-F41C417466B5}.Debug|iPhone.ActiveCfg = Debug|iPhone
		{1B0A8AF2-02C7-433D-9E09-F41C417466B5}.Debug|iPhone.Build.0 = Debug|iPhone
		{1B0A8AF2-02C7-433D-9E09-F41C417466B5}.Debug|iPhoneSimulator.ActiveCfg = Debug|iPhoneSimulator
		{1B0A8AF2-02C7-433D-9E09-F41C417466B5}.Debug|iPhoneSimulator.Build.0 = Debug|iPhoneSimulator
		{1B0A8AF2-02C7-433D-9E09-F41C417466B5}.Release|iPhone.ActiveCfg = Release|iPhone
		{1B0A8AF2-02C7-433D-9E09-F41C417466B5}.Release|iPhone.Build.0 = Release|iPhone
		{1B0A8AF2-02C7-433D-9E09-F41C417466B5}.Release|iPhoneSimulator.ActiveCfg = Release|iPhoneSimulator
		{1B0A8AF2-02C7-433D-9E09-F41C417466B5}.Release|iPhoneSimulator.Build.0 = Release|iPhoneSimulator
		{9B9614E3-15AE-48D6-B7B6-9CD91FD935FC}.Ad-Hoc|iPhone.ActiveCfg = Release|Any CPU
		{9B9614E3-15AE-48D6-B7B6-9CD91FD935FC}.Ad-Hoc|iPhone.Build.0 = Release|Any CPU
		{9B9614E3-15AE-48D6-B7B6-9CD91FD935FC}.AppStore|iPhone.ActiveCfg = Release|Any CPU
		{9B9614E3-15AE-48D6-B7B6-9CD91FD935FC}.AppStore|iPhone.Build.0 = Release|Any CPU
		{9B9614E3-15AE-48D6-B7B6-9CD91FD935FC}.Debug|iPhone.ActiveCfg = Debug|Any CPU
		{9B9614E3-15AE-48D6-B7B6-9CD91FD935FC}.Debug|iPhone.Build.0 = Debug|Any CPU
		{9B9614E3-15AE-48D6-B7B6-9CD91FD935FC}.Debug|iPhoneSimulator.ActiveCfg = Debug|Any CPU
		{9B9614E3-15AE-48D6-B7B6-9CD91FD935FC}.Debug|iPhoneSimulator.Build.0 = Debug|Any CPU
		{9B9614E3-15AE-48D6-B7B6-9CD91FD935FC}.Release|iPhone.ActiveCfg = Release|Any CPU
		{9B9614E3-15AE-48D6-B7B6-9CD91FD935FC}.Release|iPhone.Build.0 = Release|Any CPU
		{9B9614E3-15AE-48D6-B7B6-9CD91FD935FC}.Release|iPhoneSimulator.ActiveCfg = Release|Any CPU
		{9B9614E3-15AE-48D6-B7B6-9CD91FD935FC}.Release|iPhoneSimulator.Build.0 = Release|Any CPU
	EndGlobalSection
EndGlobal
